
Microsoft Visual Studio Solution File, Format Version 12.00
# Visual Studio Version 17
VisualStudioVersion = 17.0.31903.59
MinimumVisualStudioVersion = 10.0.40219.1
Project("{2150E333-8FDC-42A3-9474-1A3956D46DE8}") = "src", "src", "{827E0CD3-B72D-47B6-A68D-7590B98EB39B}"
EndProject
Project("{2150E333-8FDC-42A3-9474-1A3956D46DE8}") = "DevFlow", "DevFlow", "{C0FFC53F-FDFB-A1DA-15F9-43B3CCBD9458}"
EndProject
Project("{FAE04EC0-301F-11D3-BF4B-00C04F79EFBC}") = "Microsoft.Maui.DevFlow.Agent.Core", "src\DevFlow\Microsoft.Maui.DevFlow.Agent.Core\Microsoft.Maui.DevFlow.Agent.Core.csproj", "{362FCC25-73ED-4AA2-BD63-9547E91BB3EE}"
EndProject
Project("{FAE04EC0-301F-11D3-BF4B-00C04F79EFBC}") = "Microsoft.Maui.DevFlow.Logging", "src\DevFlow\Microsoft.Maui.DevFlow.Logging\Microsoft.Maui.DevFlow.Logging.csproj", "{69E448F8-D137-4E9C-9446-DC383F61F821}"
EndProject
Project("{FAE04EC0-301F-11D3-BF4B-00C04F79EFBC}") = "Microsoft.Maui.DevFlow.Agent.Gtk", "src\DevFlow\Microsoft.Maui.DevFlow.Agent.Gtk\Microsoft.Maui.DevFlow.Agent.Gtk.csproj", "{C5525361-CB0A-40BB-86AA-1417CC06B922}"
EndProject
Project("{FAE04EC0-301F-11D3-BF4B-00C04F79EFBC}") = "Microsoft.Maui.DevFlow.Agent", "src\DevFlow\Microsoft.Maui.DevFlow.Agent\Microsoft.Maui.DevFlow.Agent.csproj", "{8A3BAF82-DECA-4800-A39F-767065BE0CF0}"
EndProject
Project("{FAE04EC0-301F-11D3-BF4B-00C04F79EFBC}") = "Microsoft.Maui.DevFlow.Blazor.Gtk", "src\DevFlow\Microsoft.Maui.DevFlow.Blazor.Gtk\Microsoft.Maui.DevFlow.Blazor.Gtk.csproj", "{05E62556-324D-4969-8F9F-6B1CB1E428AE}"
EndProject
Project("{FAE04EC0-301F-11D3-BF4B-00C04F79EFBC}") = "Microsoft.Maui.DevFlow.Blazor", "src\DevFlow\Microsoft.Maui.DevFlow.Blazor\Microsoft.Maui.DevFlow.Blazor.csproj", "{4516F34A-ADEC-4B9B-A1CE-C9AB10D84879}"
EndProject
Project("{FAE04EC0-301F-11D3-BF4B-00C04F79EFBC}") = "Microsoft.Maui.DevFlow.CLI", "src\DevFlow\Microsoft.Maui.DevFlow.CLI\Microsoft.Maui.DevFlow.CLI.csproj", "{8FCA8C78-CEA1-4A08-8285-46394C2D35FF}"
EndProject
Project("{FAE04EC0-301F-11D3-BF4B-00C04F79EFBC}") = "Microsoft.Maui.DevFlow.Driver", "src\DevFlow\Microsoft.Maui.DevFlow.Driver\Microsoft.Maui.DevFlow.Driver.csproj", "{1A4D8CF5-120F-45A5-82E6-865112F2BB55}"
EndProject
Project("{FAE04EC0-301F-11D3-BF4B-00C04F79EFBC}") = "Microsoft.Maui.DevFlow.Tests", "src\DevFlow\Microsoft.Maui.DevFlow.Tests\Microsoft.Maui.DevFlow.Tests.csproj", "{18DFA687-13A6-46DB-9D00-8D51E83923C2}"
EndProject
Project("{2150E333-8FDC-42A3-9474-1A3956D46DE8}") = "tests", "tests", "{0AB3BF05-4346-4AA6-1389-037BE0695223}"
EndProject
Project("{2150E333-8FDC-42A3-9474-1A3956D46DE8}") = "DevFlow", "DevFlow", "{647032D4-0A86-7275-F62A-7051CC39D1D8}"
EndProject
Project("{2150E333-8FDC-42A3-9474-1A3956D46DE8}") = "samples", "samples", "{5D20AA90-6969-D8BD-9DCD-8634F4692FDA}"
EndProject
Project("{FAE04EC0-301F-11D3-BF4B-00C04F79EFBC}") = "DevFlow.Sample.Linux", "samples\DevFlow.Sample.Linux\DevFlow.Sample.Linux.csproj", "{0CC78393-7DCA-45E8-9C1E-AAAB9A0BBFB8}"
EndProject
Project("{2150E333-8FDC-42A3-9474-1A3956D46DE8}") = "playground", "playground", "{12E5C810-18C6-BE57-4EA6-3F3BE821652E}"
EndProject
Project("{FAE04EC0-301F-11D3-BF4B-00C04F79EFBC}") = "DevFlow.Console", "playground\DevFlow.Console\DevFlow.Console.csproj", "{13978349-2CD3-4F84-B9C8-EDB5F9B1CB18}"
EndProject
Project("{FAE04EC0-301F-11D3-BF4B-00C04F79EFBC}") = "DevFlow.Sample", "samples\DevFlow.Sample\DevFlow.Sample.csproj", "{B843C880-C1FE-4A2B-A41E-5A6D251929DD}"
EndProject
Project("{FAE04EC0-301F-11D3-BF4B-00C04F79EFBC}") = "DevFlow.Sample.MacOS", "samples\DevFlow.Sample.MacOS\DevFlow.Sample.MacOS.csproj", "{AFD6683E-10FC-445C-9139-7F4FDFBFA232}"
EndProject
Global
	GlobalSection(SolutionConfigurationPlatforms) = preSolution
		Debug|Any CPU = Debug|Any CPU
		Debug|x64 = Debug|x64
		Debug|x86 = Debug|x86
		Release|Any CPU = Release|Any CPU
		Release|x64 = Release|x64
		Release|x86 = Release|x86
	EndGlobalSection
	GlobalSection(ProjectConfigurationPlatforms) = postSolution
		{362FCC25-73ED-4AA2-BD63-9547E91BB3EE}.Debug|Any CPU.ActiveCfg = Debug|Any CPU
		{362FCC25-73ED-4AA2-BD63-9547E91BB3EE}.Debug|Any CPU.Build.0 = Debug|Any CPU
		{362FCC25-73ED-4AA2-BD63-9547E91BB3EE}.Debug|x64.ActiveCfg = Debug|Any CPU
		{362FCC25-73ED-4AA2-BD63-9547E91BB3EE}.Debug|x64.Build.0 = Debug|Any CPU
		{362FCC25-73ED-4AA2-BD63-9547E91BB3EE}.Debug|x86.ActiveCfg = Debug|Any CPU
		{362FCC25-73ED-4AA2-BD63-9547E91BB3EE}.Debug|x86.Build.0 = Debug|Any CPU
		{362FCC25-73ED-4AA2-BD63-9547E91BB3EE}.Release|Any CPU.ActiveCfg = Release|Any CPU
		{362FCC25-73ED-4AA2-BD63-9547E91BB3EE}.Release|Any CPU.Build.0 = Release|Any CPU
		{362FCC25-73ED-4AA2-BD63-9547E91BB3EE}.Release|x64.ActiveCfg = Release|Any CPU
		{362FCC25-73ED-4AA2-BD63-9547E91BB3EE}.Release|x64.Build.0 = Release|Any CPU
		{362FCC25-73ED-4AA2-BD63-9547E91BB3EE}.Release|x86.ActiveCfg = Release|Any CPU
		{362FCC25-73ED-4AA2-BD63-9547E91BB3EE}.Release|x86.Build.0 = Release|Any CPU
		{69E448F8-D137-4E9C-9446-DC383F61F821}.Debug|Any CPU.ActiveCfg = Debug|Any CPU
		{69E448F8-D137-4E9C-9446-DC383F61F821}.Debug|Any CPU.Build.0 = Debug|Any CPU
		{69E448F8-D137-4E9C-9446-DC383F61F821}.Debug|x64.ActiveCfg = Debug|Any CPU
		{69E448F8-D137-4E9C-9446-DC383F61F821}.Debug|x64.Build.0 = Debug|Any CPU
		{69E448F8-D137-4E9C-9446-DC383F61F821}.Debug|x86.ActiveCfg = Debug|Any CPU
		{69E448F8-D137-4E9C-9446-DC383F61F821}.Debug|x86.Build.0 = Debug|Any CPU
		{69E448F8-D137-4E9C-9446-DC383F61F821}.Release|Any CPU.ActiveCfg = Release|Any CPU
		{69E448F8-D137-4E9C-9446-DC383F61F821}.Release|Any CPU.Build.0 = Release|Any CPU
		{69E448F8-D137-4E9C-9446-DC383F61F821}.Release|x64.ActiveCfg = Release|Any CPU
		{69E448F8-D137-4E9C-9446-DC383F61F821}.Release|x64.Build.0 = Release|Any CPU
		{69E448F8-D137-4E9C-9446-DC383F61F821}.Release|x86.ActiveCfg = Release|Any CPU
		{69E448F8-D137-4E9C-9446-DC383F61F821}.Release|x86.Build.0 = Release|Any CPU
		{C5525361-CB0A-40BB-86AA-1417CC06B922}.Debug|Any CPU.ActiveCfg = Debug|Any CPU
		{C5525361-CB0A-40BB-86AA-1417CC06B922}.Debug|Any CPU.Build.0 = Debug|Any CPU
		{C5525361-CB0A-40BB-86AA-1417CC06B922}.Debug|x64.ActiveCfg = Debug|Any CPU
		{C5525361-CB0A-40BB-86AA-1417CC06B922}.Debug|x64.Build.0 = Debug|Any CPU
		{C5525361-CB0A-40BB-86AA-1417CC06B922}.Debug|x86.ActiveCfg = Debug|Any CPU
		{C5525361-CB0A-40BB-86AA-1417CC06B922}.Debug|x86.Build.0 = Debug|Any CPU
		{C5525361-CB0A-40BB-86AA-1417CC06B922}.Release|Any CPU.ActiveCfg = Release|Any CPU
		{C5525361-CB0A-40BB-86AA-1417CC06B922}.Release|Any CPU.Build.0 = Release|Any CPU
		{C5525361-CB0A-40BB-86AA-1417CC06B922}.Release|x64.ActiveCfg = Release|Any CPU
		{C5525361-CB0A-40BB-86AA-1417CC06B922}.Release|x64.Build.0 = Release|Any CPU
		{C5525361-CB0A-40BB-86AA-1417CC06B922}.Release|x86.ActiveCfg = Release|Any CPU
		{C5525361-CB0A-40BB-86AA-1417CC06B922}.Release|x86.Build.0 = Release|Any CPU
		{8A3BAF82-DECA-4800-A39F-767065BE0CF0}.Debug|Any CPU.ActiveCfg = Debug|Any CPU
		{8A3BAF82-DECA-4800-A39F-767065BE0CF0}.Debug|Any CPU.Build.0 = Debug|Any CPU
		{8A3BAF82-DECA-4800-A39F-767065BE0CF0}.Debug|x64.ActiveCfg = Debug|Any CPU
		{8A3BAF82-DECA-4800-A39F-767065BE0CF0}.Debug|x64.Build.0 = Debug|Any CPU
		{8A3BAF82-DECA-4800-A39F-767065BE0CF0}.Debug|x86.ActiveCfg = Debug|Any CPU
		{8A3BAF82-DECA-4800-A39F-767065BE0CF0}.Debug|x86.Build.0 = Debug|Any CPU
		{8A3BAF82-DECA-4800-A39F-767065BE0CF0}.Release|Any CPU.ActiveCfg = Release|Any CPU
		{8A3BAF82-DECA-4800-A39F-767065BE0CF0}.Release|Any CPU.Build.0 = Release|Any CPU
		{8A3BAF82-DECA-4800-A39F-767065BE0CF0}.Release|x64.ActiveCfg = Release|Any CPU
		{8A3BAF82-DECA-4800-A39F-767065BE0CF0}.Release|x64.Build.0 = Release|Any CPU
		{8A3BAF82-DECA-4800-A39F-767065BE0CF0}.Release|x86.ActiveCfg = Release|Any CPU
		{8A3BAF82-DECA-4800-A39F-767065BE0CF0}.Release|x86.Build.0 = Release|Any CPU
		{05E62556-324D-4969-8F9F-6B1CB1E428AE}.Debug|Any CPU.ActiveCfg = Debug|Any CPU
		{05E62556-324D-4969-8F9F-6B1CB1E428AE}.Debug|Any CPU.Build.0 = Debug|Any CPU
		{05E62556-324D-4969-8F9F-6B1CB1E428AE}.Debug|x64.ActiveCfg = Debug|Any CPU
		{05E62556-324D-4969-8F9F-6B1CB1E428AE}.Debug|x64.Build.0 = Debug|Any CPU
		{05E62556-324D-4969-8F9F-6B1CB1E428AE}.Debug|x86.ActiveCfg = Debug|Any CPU
		{05E62556-324D-4969-8F9F-6B1CB1E428AE}.Debug|x86.Build.0 = Debug|Any CPU
		{05E62556-324D-4969-8F9F-6B1CB1E428AE}.Release|Any CPU.ActiveCfg = Release|Any CPU
		{05E62556-324D-4969-8F9F-6B1CB1E428AE}.Release|Any CPU.Build.0 = Release|Any CPU
		{05E62556-324D-4969-8F9F-6B1CB1E428AE}.Release|x64.ActiveCfg = Release|Any CPU
		{05E62556-324D-4969-8F9F-6B1CB1E428AE}.Release|x64.Build.0 = Release|Any CPU
		{05E62556-324D-4969-8F9F-6B1CB1E428AE}.Release|x86.ActiveCfg = Release|Any CPU
		{05E62556-324D-4969-8F9F-6B1CB1E428AE}.Release|x86.Build.0 = Release|Any CPU
		{4516F34A-ADEC-4B9B-A1CE-C9AB10D84879}.Debug|Any CPU.ActiveCfg = Debug|Any CPU
		{4516F34A-ADEC-4B9B-A1CE-C9AB10D84879}.Debug|Any CPU.Build.0 = Debug|Any CPU
		{4516F34A-ADEC-4B9B-A1CE-C9AB10D84879}.Debug|x64.ActiveCfg = Debug|Any CPU
		{4516F34A-ADEC-4B9B-A1CE-C9AB10D84879}.Debug|x64.Build.0 = Debug|Any CPU
		{4516F34A-ADEC-4B9B-A1CE-C9AB10D84879}.Debug|x86.ActiveCfg = Debug|Any CPU
		{4516F34A-ADEC-4B9B-A1CE-C9AB10D84879}.Debug|x86.Build.0 = Debug|Any CPU
		{4516F34A-ADEC-4B9B-A1CE-C9AB10D84879}.Release|Any CPU.ActiveCfg = Release|Any CPU
		{4516F34A-ADEC-4B9B-A1CE-C9AB10D84879}.Release|Any CPU.Build.0 = Release|Any CPU
		{4516F34A-ADEC-4B9B-A1CE-C9AB10D84879}.Release|x64.ActiveCfg = Release|Any CPU
		{4516F34A-ADEC-4B9B-A1CE-C9AB10D84879}.Release|x64.Build.0 = Release|Any CPU
		{4516F34A-ADEC-4B9B-A1CE-C9AB10D84879}.Release|x86.ActiveCfg = Release|Any CPU
		{4516F34A-ADEC-4B9B-A1CE-C9AB10D84879}.Release|x86.Build.0 = Release|Any CPU
		{8FCA8C78-CEA1-4A08-8285-46394C2D35FF}.Debug|Any CPU.ActiveCfg = Debug|Any CPU
		{8FCA8C78-CEA1-4A08-8285-46394C2D35FF}.Debug|Any CPU.Build.0 = Debug|Any CPU
		{8FCA8C78-CEA1-4A08-8285-46394C2D35FF}.Debug|x64.ActiveCfg = Debug|Any CPU
		{8FCA8C78-CEA1-4A08-8285-46394C2D35FF}.Debug|x64.Build.0 = Debug|Any CPU
		{8FCA8C78-CEA1-4A08-8285-46394C2D35FF}.Debug|x86.ActiveCfg = Debug|Any CPU
		{8FCA8C78-CEA1-4A08-8285-46394C2D35FF}.Debug|x86.Build.0 = Debug|Any CPU
		{8FCA8C78-CEA1-4A08-8285-46394C2D35FF}.Release|Any CPU.ActiveCfg = Release|Any CPU
		{8FCA8C78-CEA1-4A08-8285-46394C2D35FF}.Release|Any CPU.Build.0 = Release|Any CPU
		{8FCA8C78-CEA1-4A08-8285-46394C2D35FF}.Release|x64.ActiveCfg = Release|Any CPU
		{8FCA8C78-CEA1-4A08-8285-46394C2D35FF}.Release|x64.Build.0 = Release|Any CPU
		{8FCA8C78-CEA1-4A08-8285-46394C2D35FF}.Release|x86.ActiveCfg = Release|Any CPU
		{8FCA8C78-CEA1-4A08-8285-46394C2D35FF}.Release|x86.Build.0 = Release|Any CPU
		{1A4D8CF5-120F-45A5-82E6-865112F2BB55}.Debug|Any CPU.ActiveCfg = Debug|Any CPU
		{1A4D8CF5-120F-45A5-82E6-865112F2BB55}.Debug|Any CPU.Build.0 = Debug|Any CPU
		{1A4D8CF5-120F-45A5-82E6-865112F2BB55}.Debug|x64.ActiveCfg = Debug|Any CPU
		{1A4D8CF5-120F-45A5-82E6-865112F2BB55}.Debug|x64.Build.0 = Debug|Any CPU
		{1A4D8CF5-120F-45A5-82E6-865112F2BB55}.Debug|x86.ActiveCfg = Debug|Any CPU
		{1A4D8CF5-120F-45A5-82E6-865112F2BB55}.Debug|x86.Build.0 = Debug|Any CPU
		{1A4D8CF5-120F-45A5-82E6-865112F2BB55}.Release|Any CPU.ActiveCfg = Release|Any CPU
		{1A4D8CF5-120F-45A5-82E6-865112F2BB55}.Release|Any CPU.Build.0 = Release|Any CPU
		{1A4D8CF5-120F-45A5-82E6-865112F2BB55}.Release|x64.ActiveCfg = Release|Any CPU
		{1A4D8CF5-120F-45A5-82E6-865112F2BB55}.Release|x64.Build.0 = Release|Any CPU
		{1A4D8CF5-120F-45A5-82E6-865112F2BB55}.Release|x86.ActiveCfg = Release|Any CPU
		{1A4D8CF5-120F-45A5-82E6-865112F2BB55}.Release|x86.Build.0 = Release|Any CPU
		{18DFA687-13A6-46DB-9D00-8D51E83923C2}.Debug|Any CPU.ActiveCfg = Debug|Any CPU
		{18DFA687-13A6-46DB-9D00-8D51E83923C2}.Debug|Any CPU.Build.0 = Debug|Any CPU
		{18DFA687-13A6-46DB-9D00-8D51E83923C2}.Debug|x64.ActiveCfg = Debug|Any CPU
		{18DFA687-13A6-46DB-9D00-8D51E83923C2}.Debug|x64.Build.0 = Debug|Any CPU
		{18DFA687-13A6-46DB-9D00-8D51E83923C2}.Debug|x86.ActiveCfg = Debug|Any CPU
		{18DFA687-13A6-46DB-9D00-8D51E83923C2}.Debug|x86.Build.0 = Debug|Any CPU
		{18DFA687-13A6-46DB-9D00-8D51E83923C2}.Release|Any CPU.ActiveCfg = Release|Any CPU
		{18DFA687-13A6-46DB-9D00-8D51E83923C2}.Release|Any CPU.Build.0 = Release|Any CPU
		{18DFA687-13A6-46DB-9D00-8D51E83923C2}.Release|x64.ActiveCfg = Release|Any CPU
		{18DFA687-13A6-46DB-9D00-8D51E83923C2}.Release|x64.Build.0 = Release|Any CPU
		{18DFA687-13A6-46DB-9D00-8D51E83923C2}.Release|x86.ActiveCfg = Release|Any CPU
		{18DFA687-13A6-46DB-9D00-8D51E83923C2}.Release|x86.Build.0 = Release|Any CPU
		{0CC78393-7DCA-45E8-9C1E-AAAB9A0BBFB8}.Debug|Any CPU.ActiveCfg = Debug|Any CPU
		{0CC78393-7DCA-45E8-9C1E-AAAB9A0BBFB8}.Debug|Any CPU.Build.0 = Debug|Any CPU
		{0CC78393-7DCA-45E8-9C1E-AAAB9A0BBFB8}.Debug|x64.ActiveCfg = Debug|Any CPU
		{0CC78393-7DCA-45E8-9C1E-AAAB9A0BBFB8}.Debug|x64.Build.0 = Debug|Any CPU
		{0CC78393-7DCA-45E8-9C1E-AAAB9A0BBFB8}.Debug|x86.ActiveCfg = Debug|Any CPU
		{0CC78393-7DCA-45E8-9C1E-AAAB9A0BBFB8}.Debug|x86.Build.0 = Debug|Any CPU
		{0CC78393-7DCA-45E8-9C1E-AAAB9A0BBFB8}.Release|Any CPU.ActiveCfg = Release|Any CPU
		{0CC78393-7DCA-45E8-9C1E-AAAB9A0BBFB8}.Release|Any CPU.Build.0 = Release|Any CPU
		{0CC78393-7DCA-45E8-9C1E-AAAB9A0BBFB8}.Release|x64.ActiveCfg = Release|Any CPU
		{0CC78393-7DCA-45E8-9C1E-AAAB9A0BBFB8}.Release|x64.Build.0 = Release|Any CPU
		{0CC78393-7DCA-45E8-9C1E-AAAB9A0BBFB8}.Release|x86.ActiveCfg = Release|Any CPU
		{0CC78393-7DCA-45E8-9C1E-AAAB9A0BBFB8}.Release|x86.Build.0 = Release|Any CPU
		{13978349-2CD3-4F84-B9C8-EDB5F9B1CB18}.Debug|Any CPU.ActiveCfg = Debug|Any CPU
		{13978349-2CD3-4F84-B9C8-EDB5F9B1CB18}.Debug|Any CPU.Build.0 = Debug|Any CPU
		{13978349-2CD3-4F84-B9C8-EDB5F9B1CB18}.Debug|x64.ActiveCfg = Debug|Any CPU
		{13978349-2CD3-4F84-B9C8-EDB5F9B1CB18}.Debug|x64.Build.0 = Debug|Any CPU
		{13978349-2CD3-4F84-B9C8-EDB5F9B1CB18}.Debug|x86.ActiveCfg = Debug|Any CPU
		{13978349-2CD3-4F84-B9C8-EDB5F9B1CB18}.Debug|x86.Build.0 = Debug|Any CPU
		{13978349-2CD3-4F84-B9C8-EDB5F9B1CB18}.Release|Any CPU.ActiveCfg = Release|Any CPU
		{13978349-2CD3-4F84-B9C8-EDB5F9B1CB18}.Release|Any CPU.Build.0 = Release|Any CPU
		{13978349-2CD3-4F84-B9C8-EDB5F9B1CB18}.Release|x64.ActiveCfg = Release|Any CPU
		{13978349-2CD3-4F84-B9C8-EDB5F9B1CB18}.Release|x64.Build.0 = Release|Any CPU
		{13978349-2CD3-4F84-B9C8-EDB5F9B1CB18}.Release|x86.ActiveCfg = Release|Any CPU
		{13978349-2CD3-4F84-B9C8-EDB5F9B1CB18}.Release|x86.Build.0 = Release|Any CPU
		{B843C880-C1FE-4A2B-A41E-5A6D251929DD}.Debug|Any CPU.ActiveCfg = Debug|Any CPU
		{B843C880-C1FE-4A2B-A41E-5A6D251929DD}.Debug|Any CPU.Build.0 = Debug|Any CPU
		{B843C880-C1FE-4A2B-A41E-5A6D251929DD}.Debug|x64.ActiveCfg = Debug|Any CPU
		{B843C880-C1FE-4A2B-A41E-5A6D251929DD}.Debug|x64.Build.0 = Debug|Any CPU
		{B843C880-C1FE-4A2B-A41E-5A6D251929DD}.Debug|x86.ActiveCfg = Debug|Any CPU
		{B843C880-C1FE-4A2B-A41E-5A6D251929DD}.Debug|x86.Build.0 = Debug|Any CPU
		{B843C880-C1FE-4A2B-A41E-5A6D251929DD}.Release|Any CPU.ActiveCfg = Release|Any CPU
		{B843C880-C1FE-4A2B-A41E-5A6D251929DD}.Release|Any CPU.Build.0 = Release|Any CPU
		{B843C880-C1FE-4A2B-A41E-5A6D251929DD}.Release|x64.ActiveCfg = Release|Any CPU
		{B843C880-C1FE-4A2B-A41E-5A6D251929DD}.Release|x64.Build.0 = Release|Any CPU
		{B843C880-C1FE-4A2B-A41E-5A6D251929DD}.Release|x86.ActiveCfg = Release|Any CPU
		{B843C880-C1FE-4A2B-A41E-5A6D251929DD}.Release|x86.Build.0 = Release|Any CPU
		{AFD6683E-10FC-445C-9139-7F4FDFBFA232}.Debug|Any CPU.ActiveCfg = Debug|Any CPU
		{AFD6683E-10FC-445C-9139-7F4FDFBFA232}.Debug|Any CPU.Build.0 = Debug|Any CPU
		{AFD6683E-10FC-445C-9139-7F4FDFBFA232}.Debug|x64.ActiveCfg = Debug|Any CPU
		{AFD6683E-10FC-445C-9139-7F4FDFBFA232}.Debug|x64.Build.0 = Debug|Any CPU
		{AFD6683E-10FC-445C-9139-7F4FDFBFA232}.Debug|x86.ActiveCfg = Debug|Any CPU
		{AFD6683E-10FC-445C-9139-7F4FDFBFA232}.Debug|x86.Build.0 = Debug|Any CPU
		{AFD6683E-10FC-445C-9139-7F4FDFBFA232}.Release|Any CPU.ActiveCfg = Release|Any CPU
		{AFD6683E-10FC-445C-9139-7F4FDFBFA232}.Release|Any CPU.Build.0 = Release|Any CPU
		{AFD6683E-10FC-445C-9139-7F4FDFBFA232}.Release|x64.ActiveCfg = Release|Any CPU
		{AFD6683E-10FC-445C-9139-7F4FDFBFA232}.Release|x64.Build.0 = Release|Any CPU
		{AFD6683E-10FC-445C-9139-7F4FDFBFA232}.Release|x86.ActiveCfg = Release|Any CPU
		{AFD6683E-10FC-445C-9139-7F4FDFBFA232}.Release|x86.Build.0 = Release|Any CPU
	EndGlobalSection
	GlobalSection(SolutionProperties) = preSolution
		HideSolutionNode = FALSE
	EndGlobalSection
	GlobalSection(NestedProjects) = preSolution
		{C0FFC53F-FDFB-A1DA-15F9-43B3CCBD9458} = {827E0CD3-B72D-47B6-A68D-7590B98EB39B}
		{362FCC25-73ED-4AA2-BD63-9547E91BB3EE} = {C0FFC53F-FDFB-A1DA-15F9-43B3CCBD9458}
		{69E448F8-D137-4E9C-9446-DC383F61F821} = {C0FFC53F-FDFB-A1DA-15F9-43B3CCBD9458}
		{C5525361-CB0A-40BB-86AA-1417CC06B922} = {C0FFC53F-FDFB-A1DA-15F9-43B3CCBD9458}
		{8A3BAF82-DECA-4800-A39F-767065BE0CF0} = {C0FFC53F-FDFB-A1DA-15F9-43B3CCBD9458}
		{05E62556-324D-4969-8F9F-6B1CB1E428AE} = {C0FFC53F-FDFB-A1DA-15F9-43B3CCBD9458}
		{4516F34A-ADEC-4B9B-A1CE-C9AB10D84879} = {C0FFC53F-FDFB-A1DA-15F9-43B3CCBD9458}
		{8FCA8C78-CEA1-4A08-8285-46394C2D35FF} = {C0FFC53F-FDFB-A1DA-15F9-43B3CCBD9458}
		{1A4D8CF5-120F-45A5-82E6-865112F2BB55} = {C0FFC53F-FDFB-A1DA-15F9-43B3CCBD9458}
		{18DFA687-13A6-46DB-9D00-8D51E83923C2} = {C0FFC53F-FDFB-A1DA-15F9-43B3CCBD9458}
		{647032D4-0A86-7275-F62A-7051CC39D1D8} = {0AB3BF05-4346-4AA6-1389-037BE0695223}
		{0CC78393-7DCA-45E8-9C1E-AAAB9A0BBFB8} = {5D20AA90-6969-D8BD-9DCD-8634F4692FDA}
		{13978349-2CD3-4F84-B9C8-EDB5F9B1CB18} = {12E5C810-18C6-BE57-4EA6-3F3BE821652E}
		{B843C880-C1FE-4A2B-A41E-5A6D251929DD} = {5D20AA90-6969-D8BD-9DCD-8634F4692FDA}
		{AFD6683E-10FC-445C-9139-7F4FDFBFA232} = {5D20AA90-6969-D8BD-9DCD-8634F4692FDA}
	EndGlobalSection
EndGlobal
